// !$*UTF8*$!
{
	archiveVersion = 1;
	classes = {
	};
	objectVersion = 46;
	objects = {

/* Begin PBXBuildFile section */
		79399237D4081EC64928AE9D /* Pods.framework in Frameworks */ = {isa = PBXBuildFile; fileRef = 563E09862E863A6BA1C2904A /* Pods.framework */; settings = {ATTRIBUTES = (Weak, ); }; };
		DB32C6F81AC6ABBE0005CAB4 /* AppDelegate.swift in Sources */ = {isa = PBXBuildFile; fileRef = DB32C6F71AC6ABBE0005CAB4 /* AppDelegate.swift */; };
		DB32C6FA1AC6ABBE0005CAB4 /* ViewController.swift in Sources */ = {isa = PBXBuildFile; fileRef = DB32C6F91AC6ABBE0005CAB4 /* ViewController.swift */; };
		DB32C6FD1AC6ABBE0005CAB4 /* Main.storyboard in Resources */ = {isa = PBXBuildFile; fileRef = DB32C6FB1AC6ABBE0005CAB4 /* Main.storyboard */; };
		DB32C6FF1AC6ABBE0005CAB4 /* Images.xcassets in Resources */ = {isa = PBXBuildFile; fileRef = DB32C6FE1AC6ABBE0005CAB4 /* Images.xcassets */; };
		DB32C7021AC6ABBE0005CAB4 /* LaunchScreen.xib in Resources */ = {isa = PBXBuildFile; fileRef = DB32C7001AC6ABBE0005CAB4 /* LaunchScreen.xib */; };
		DB32C70E1AC6ABBE0005CAB4 /* onebutnTests.swift in Sources */ = {isa = PBXBuildFile; fileRef = DB32C70D1AC6ABBE0005CAB4 /* onebutnTests.swift */; };
/* End PBXBuildFile section */

/* Begin PBXContainerItemProxy section */
		DB32C7081AC6ABBE0005CAB4 /* PBXContainerItemProxy */ = {
			isa = PBXContainerItemProxy;
			containerPortal = DB32C6EA1AC6ABBD0005CAB4 /* Project object */;
			proxyType = 1;
			remoteGlobalIDString = DB32C6F11AC6ABBE0005CAB4;
			remoteInfo = onebutn;
		};
/* End PBXContainerItemProxy section */

/* Begin PBXFileReference section */
		542171A4D1599AE57A8BBD24 /* Pods.debug.xcconfig */ = {isa = PBXFileReference; includeInIndex = 1; lastKnownFileType = text.xcconfig; name = Pods.debug.xcconfig; path = "Pods/Target Support Files/Pods/Pods.debug.xcconfig"; sourceTree = "<group>"; };
		563E09862E863A6BA1C2904A /* Pods.framework */ = {isa = PBXFileReference; explicitFileType = wrapper.framework; includeInIndex = 0; path = Pods.framework; sourceTree = BUILT_PRODUCTS_DIR; };
		DB32C6F21AC6ABBE0005CAB4 /* onebutn.app */ = {isa = PBXFileReference; explicitFileType = wrapper.application; includeInIndex = 0; path = onebutn.app; sourceTree = BUILT_PRODUCTS_DIR; };
		DB32C6F61AC6ABBE0005CAB4 /* Info.plist */ = {isa = PBXFileReference; lastKnownFileType = text.plist.xml; path = Info.plist; sourceTree = "<group>"; };
		DB32C6F71AC6ABBE0005CAB4 /* AppDelegate.swift */ = {isa = PBXFileReference; lastKnownFileType = sourcecode.swift; path = AppDelegate.swift; sourceTree = "<group>"; };
		DB32C6F91AC6ABBE0005CAB4 /* ViewController.swift */ = {isa = PBXFileReference; lastKnownFileType = sourcecode.swift; path = ViewController.swift; sourceTree = "<group>"; };
		DB32C6FC1AC6ABBE0005CAB4 /* Base */ = {isa = PBXFileReference; lastKnownFileType = file.storyboard; name = Base; path = Base.lproj/Main.storyboard; sourceTree = "<group>"; };
		DB32C6FE1AC6ABBE0005CAB4 /* Images.xcassets */ = {isa = PBXFileReference; lastKnownFileType = folder.assetcatalog; path = Images.xcassets; sourceTree = "<group>"; };
		DB32C7011AC6ABBE0005CAB4 /* Base */ = {isa = PBXFileReference; lastKnownFileType = file.xib; name = Base; path = Base.lproj/LaunchScreen.xib; sourceTree = "<group>"; };
		DB32C7071AC6ABBE0005CAB4 /* onebutnTests.xctest */ = {isa = PBXFileReference; explicitFileType = wrapper.cfbundle; includeInIndex = 0; path = onebutnTests.xctest; sourceTree = BUILT_PRODUCTS_DIR; };
		DB32C70C1AC6ABBE0005CAB4 /* Info.plist */ = {isa = PBXFileReference; lastKnownFileType = text.plist.xml; path = Info.plist; sourceTree = "<group>"; };
		DB32C70D1AC6ABBE0005CAB4 /* onebutnTests.swift */ = {isa = PBXFileReference; lastKnownFileType = sourcecode.swift; path = onebutnTests.swift; sourceTree = "<group>"; };
		FCBB567E621757875A6CAD2B /* Pods.release.xcconfig */ = {isa = PBXFileReference; includeInIndex = 1; lastKnownFileType = text.xcconfig; name = Pods.release.xcconfig; path = "Pods/Target Support Files/Pods/Pods.release.xcconfig"; sourceTree = "<group>"; };
/* End PBXFileReference section */

/* Begin PBXFrameworksBuildPhase section */
		DB32C6EF1AC6ABBE0005CAB4 /* Frameworks */ = {
			isa = PBXFrameworksBuildPhase;
			buildActionMask = 2147483647;
			files = (
				79399237D4081EC64928AE9D /* Pods.framework in Frameworks */,
			);
			runOnlyForDeploymentPostprocessing = 0;
		};
		DB32C7041AC6ABBE0005CAB4 /* Frameworks */ = {
			isa = PBXFrameworksBuildPhase;
			buildActionMask = 2147483647;
			files = (
			);
			runOnlyForDeploymentPostprocessing = 0;
		};
/* End PBXFrameworksBuildPhase section */

/* Begin PBXGroup section */
		1C207AAC21F7533C1B000D43 /* Frameworks */ = {
			isa = PBXGroup;
			children = (
				563E09862E863A6BA1C2904A /* Pods.framework */,
			);
			name = Frameworks;
			sourceTree = "<group>";
		};
		DB32C6E91AC6ABBD0005CAB4 = {
			isa = PBXGroup;
			children = (
				DB32C6F41AC6ABBE0005CAB4 /* onebutn */,
				DB32C70A1AC6ABBE0005CAB4 /* onebutnTests */,
				DB32C6F31AC6ABBE0005CAB4 /* Products */,
				FF9F7442E280D712E65B3BE4 /* Pods */,
				1C207AAC21F7533C1B000D43 /* Frameworks */,
			);
			sourceTree = "<group>";
		};
		DB32C6F31AC6ABBE0005CAB4 /* Products */ = {
			isa = PBXGroup;
			children = (
				DB32C6F21AC6ABBE0005CAB4 /* onebutn.app */,
				DB32C7071AC6ABBE0005CAB4 /* onebutnTests.xctest */,
			);
			name = Products;
			sourceTree = "<group>";
		};
		DB32C6F41AC6ABBE0005CAB4 /* onebutn */ = {
			isa = PBXGroup;
			children = (
				DB32C6F71AC6ABBE0005CAB4 /* AppDelegate.swift */,
				DB32C6F91AC6ABBE0005CAB4 /* ViewController.swift */,
				DB32C6FB1AC6ABBE0005CAB4 /* Main.storyboard */,
				DB32C6FE1AC6ABBE0005CAB4 /* Images.xcassets */,
				DB32C7001AC6ABBE0005CAB4 /* LaunchScreen.xib */,
				DB32C6F51AC6ABBE0005CAB4 /* Supporting Files */,
			);
			path = onebutn;
			sourceTree = "<group>";
		};
		DB32C6F51AC6ABBE0005CAB4 /* Supporting Files */ = {
			isa = PBXGroup;
			children = (
				DB32C6F61AC6ABBE0005CAB4 /* Info.plist */,
			);
			name = "Supporting Files";
			sourceTree = "<group>";
		};
		DB32C70A1AC6ABBE0005CAB4 /* onebutnTests */ = {
			isa = PBXGroup;
			children = (
				DB32C70D1AC6ABBE0005CAB4 /* onebutnTests.swift */,
				DB32C70B1AC6ABBE0005CAB4 /* Supporting Files */,
			);
			path = onebutnTests;
			sourceTree = "<group>";
		};
		DB32C70B1AC6ABBE0005CAB4 /* Supporting Files */ = {
			isa = PBXGroup;
			children = (
				DB32C70C1AC6ABBE0005CAB4 /* Info.plist */,
			);
			name = "Supporting Files";
			sourceTree = "<group>";
		};
		FF9F7442E280D712E65B3BE4 /* Pods */ = {
			isa = PBXGroup;
			children = (
				542171A4D1599AE57A8BBD24 /* Pods.debug.xcconfig */,
				FCBB567E621757875A6CAD2B /* Pods.release.xcconfig */,
			);
			name = Pods;
			sourceTree = "<group>";
		};
/* End PBXGroup section */

/* Begin PBXNativeTarget section */
		DB32C6F11AC6ABBE0005CAB4 /* onebutn */ = {
			isa = PBXNativeTarget;
			buildConfigurationList = DB32C7111AC6ABBE0005CAB4 /* Build configuration list for PBXNativeTarget "onebutn" */;
			buildPhases = (
				FE9798E164624E03D61D8C30 /* Check Pods Manifest.lock */,
				DB32C6EE1AC6ABBE0005CAB4 /* Sources */,
				DB32C6EF1AC6ABBE0005CAB4 /* Frameworks */,
				DB32C6F01AC6ABBE0005CAB4 /* Resources */,
				40E25253A4D8953C0DA3DBD8 /* Embed Pods Frameworks */,
				B6D5A361DDC0EB41B8B2FD12 /* Copy Pods Resources */,
			);
			buildRules = (
			);
			dependencies = (
			);
			name = onebutn;
			productName = onebutn;
			productReference = DB32C6F21AC6ABBE0005CAB4 /* onebutn.app */;
			productType = "com.apple.product-type.application";
		};
		DB32C7061AC6ABBE0005CAB4 /* onebutnTests */ = {
			isa = PBXNativeTarget;
			buildConfigurationList = DB32C7141AC6ABBE0005CAB4 /* Build configuration list for PBXNativeTarget "onebutnTests" */;
			buildPhases = (
				DB32C7031AC6ABBE0005CAB4 /* Sources */,
				DB32C7041AC6ABBE0005CAB4 /* Frameworks */,
				DB32C7051AC6ABBE0005CAB4 /* Resources */,
			);
			buildRules = (
			);
			dependencies = (
				DB32C7091AC6ABBE0005CAB4 /* PBXTargetDependency */,
			);
			name = onebutnTests;
			productName = onebutnTests;
			productReference = DB32C7071AC6ABBE0005CAB4 /* onebutnTests.xctest */;
			productType = "com.apple.product-type.bundle.unit-test";
		};
/* End PBXNativeTarget section */

/* Begin PBXProject section */
		DB32C6EA1AC6ABBD0005CAB4 /* Project object */ = {
			isa = PBXProject;
			attributes = {
				LastUpgradeCheck = 0620;
				ORGANIZATIONNAME = OB;
				TargetAttributes = {
					DB32C6F11AC6ABBE0005CAB4 = {
						CreatedOnToolsVersion = 6.2;
					};
					DB32C7061AC6ABBE0005CAB4 = {
						CreatedOnToolsVersion = 6.2;
						TestTargetID = DB32C6F11AC6ABBE0005CAB4;
					};
				};
			};
			buildConfigurationList = DB32C6ED1AC6ABBD0005CAB4 /* Build configuration list for PBXProject "onebutn" */;
			compatibilityVersion = "Xcode 3.2";
			developmentRegion = English;
			hasScannedForEncodings = 0;
			knownRegions = (
				en,
				Base,
			);
			mainGroup = DB32C6E91AC6ABBD0005CAB4;
			productRefGroup = DB32C6F31AC6ABBE0005CAB4 /* Products */;
			projectDirPath = "";
			projectRoot = "";
			targets = (
				DB32C6F11AC6ABBE0005CAB4 /* onebutn */,
				DB32C7061AC6ABBE0005CAB4 /* onebutnTests */,
			);
		};
/* End PBXProject section */

/* Begin PBXResourcesBuildPhase section */
		DB32C6F01AC6ABBE0005CAB4 /* Resources */ = {
			isa = PBXResourcesBuildPhase;
			buildActionMask = 2147483647;
			files = (
				DB32C6FD1AC6ABBE0005CAB4 /* Main.storyboard in Resources */,
				DB32C7021AC6ABBE0005CAB4 /* LaunchScreen.xib in Resources */,
				DB32C6FF1AC6ABBE0005CAB4 /* Images.xcassets in Resources */,
			);
			runOnlyForDeploymentPostprocessing = 0;
		};
		DB32C7051AC6ABBE0005CAB4 /* Resources */ = {
			isa = PBXResourcesBuildPhase;
			buildActionMask = 2147483647;
			files = (
			);
			runOnlyForDeploymentPostprocessing = 0;
		};
/* End PBXResourcesBuildPhase section */

/* Begin PBXShellScriptBuildPhase section */
		40E25253A4D8953C0DA3DBD8 /* Embed Pods Frameworks */ = {
			isa = PBXShellScriptBuildPhase;
			buildActionMask = 2147483647;
			files = (
			);
			inputPaths = (
			);
			name = "Embed Pods Frameworks";
			outputPaths = (
			);
			runOnlyForDeploymentPostprocessing = 0;
			shellPath = /bin/sh;
			shellScript = "\"${SRCROOT}/Pods/Target Support Files/Pods/Pods-frameworks.sh\"\n";
			showEnvVarsInLog = 0;
		};
		B6D5A361DDC0EB41B8B2FD12 /* Copy Pods Resources */ = {
			isa = PBXShellScriptBuildPhase;
			buildActionMask = 2147483647;
			files = (
			);
			inputPaths = (
			);
			name = "Copy Pods Resources";
			outputPaths = (
			);
			runOnlyForDeploymentPostprocessing = 0;
			shellPath = /bin/sh;
			shellScript = "\"${SRCROOT}/Pods/Target Support Files/Pods/Pods-resources.sh\"\n";
			showEnvVarsInLog = 0;
		};
		FE9798E164624E03D61D8C30 /* Check Pods Manifest.lock */ = {
			isa = PBXShellScriptBuildPhase;
			buildActionMask = 2147483647;
			files = (
			);
			inputPaths = (
			);
			name = "Check Pods Manifest.lock";
			outputPaths = (
			);
			runOnlyForDeploymentPostprocessing = 0;
			shellPath = /bin/sh;
			shellScript = "diff \"${PODS_ROOT}/../Podfile.lock\" \"${PODS_ROOT}/Manifest.lock\" > /dev/null\nif [[ $? != 0 ]] ; then\n    cat << EOM\nerror: The sandbox is not in sync with the Podfile.lock. Run 'pod install' or update your CocoaPods installation.\nEOM\n    exit 1\nfi\n";
			showEnvVarsInLog = 0;
		};
/* End PBXShellScriptBuildPhase section */

/* Begin PBXSourcesBuildPhase section */
		DB32C6EE1AC6ABBE0005CAB4 /* Sources */ = {
			isa = PBXSourcesBuildPhase;
			buildActionMask = 2147483647;
			files = (
				DB32C6FA1AC6ABBE0005CAB4 /* ViewController.swift in Sources */,
				DB32C6F81AC6ABBE0005CAB4 /* AppDelegate.swift in Sources */,
			);
			runOnlyForDeploymentPostprocessing = 0;
		};
		DB32C7031AC6ABBE0005CAB4 /* Sources */ = {
			isa = PBXSourcesBuildPhase;
			buildActionMask = 2147483647;
			files = (
				DB32C70E1AC6ABBE0005CAB4 /* onebutnTests.swift in Sources */,
			);
			runOnlyForDeploymentPostprocessing = 0;
		};
/* End PBXSourcesBuildPhase section */

/* Begin PBXTargetDependency section */
		DB32C7091AC6ABBE0005CAB4 /* PBXTargetDependency */ = {
			isa = PBXTargetDependency;
			target = DB32C6F11AC6ABBE0005CAB4 /* onebutn */;
			targetProxy = DB32C7081AC6ABBE0005CAB4 /* PBXContainerItemProxy */;
		};
/* End PBXTargetDependency section */

/* Begin PBXVariantGroup section */
		DB32C6FB1AC6ABBE0005CAB4 /* Main.storyboard */ = {
			isa = PBXVariantGroup;
			children = (
				DB32C6FC1AC6ABBE0005CAB4 /* Base */,
			);
			name = Main.storyboard;
			sourceTree = "<group>";
		};
		DB32C7001AC6ABBE0005CAB4 /* LaunchScreen.xib */ = {
			isa = PBXVariantGroup;
			children = (
				DB32C7011AC6ABBE0005CAB4 /* Base */,
			);
			name = LaunchScreen.xib;
			sourceTree = "<group>";
		};
/* End PBXVariantGroup section */

/* Begin XCBuildConfiguration section */
		DB32C70F1AC6ABBE0005CAB4 /* Debug */ = {
			isa = XCBuildConfiguration;
			buildSettings = {
				ALWAYS_SEARCH_USER_PATHS = NO;
				CLANG_CXX_LANGUAGE_STANDARD = "gnu++0x";
				CLANG_CXX_LIBRARY = "libc++";
				CLANG_ENABLE_MODULES = YES;
				CLANG_ENABLE_OBJC_ARC = YES;
				CLANG_WARN_BOOL_CONVERSION = YES;
				CLANG_WARN_CONSTANT_CONVERSION = YES;
				CLANG_WARN_DIRECT_OBJC_ISA_USAGE = YES_ERROR;
				CLANG_WARN_EMPTY_BODY = YES;
				CLANG_WARN_ENUM_CONVERSION = YES;
				CLANG_WARN_INT_CONVERSION = YES;
				CLANG_WARN_OBJC_ROOT_CLASS = YES_ERROR;
				CLANG_WARN_UNREACHABLE_CODE = YES;
				CLANG_WARN__DUPLICATE_METHOD_MATCH = YES;
				"CODE_SIGN_IDENTITY[sdk=iphoneos*]" = "iPhone Developer";
				COPY_PHASE_STRIP = NO;
				ENABLE_STRICT_OBJC_MSGSEND = YES;
				GCC_C_LANGUAGE_STANDARD = gnu99;
				GCC_DYNAMIC_NO_PIC = NO;
				GCC_OPTIMIZATION_LEVEL = 0;
				GCC_PREPROCESSOR_DEFINITIONS = (
					"DEBUG=1",
					"$(inherited)",
				);
				GCC_SYMBOLS_PRIVATE_EXTERN = NO;
				GCC_WARN_64_TO_32_BIT_CONVERSION = YES;
				GCC_WARN_ABOUT_RETURN_TYPE = YES_ERROR;
				GCC_WARN_UNDECLARED_SELECTOR = YES;
				GCC_WARN_UNINITIALIZED_AUTOS = YES_AGGRESSIVE;
				GCC_WARN_UNUSED_FUNCTION = YES;
				GCC_WARN_UNUSED_VARIABLE = YES;
				IPHONEOS_DEPLOYMENT_TARGET = 8.2;
				MTL_ENABLE_DEBUG_INFO = YES;
				ONLY_ACTIVE_ARCH = YES;
				SDKROOT = iphoneos;
				SWIFT_OPTIMIZATION_LEVEL = "-Onone";
				TARGETED_DEVICE_FAMILY = "1,2";
			};
			name = Debug;
		};
		DB32C7101AC6ABBE0005CAB4 /* Release */ = {
			isa = XCBuildConfiguration;
			buildSettings = {
				ALWAYS_SEARCH_USER_PATHS = NO;
				CLANG_CXX_LANGUAGE_STANDARD = "gnu++0x";
				CLANG_CXX_LIBRARY = "libc++";
				CLANG_ENABLE_MODULES = YES;
				CLANG_ENABLE_OBJC_ARC = YES;
				CLANG_WARN_BOOL_CONVERSION = YES;
				CLANG_WARN_CONSTANT_CONVERSION = YES;
				CLANG_WARN_DIRECT_OBJC_ISA_USAGE = YES_ERROR;
				CLANG_WARN_EMPTY_BODY = YES;
				CLANG_WARN_ENUM_CONVERSION = YES;
				CLANG_WARN_INT_CONVERSION = YES;
				CLANG_WARN_OBJC_ROOT_CLASS = YES_ERROR;
				CLANG_WARN_UNREACHABLE_CODE = YES;
				CLANG_WARN__DUPLICATE_METHOD_MATCH = YES;
				"CODE_SIGN_IDENTITY[sdk=iphoneos*]" = "iPhone Developer";
				COPY_PHASE_STRIP = NO;
				ENABLE_NS_ASSERTIONS = NO;
				ENABLE_STRICT_OBJC_MSGSEND = YES;
				GCC_C_LANGUAGE_STANDARD = gnu99;
				GCC_WARN_64_TO_32_BIT_CONVERSION = YES;
				GCC_WARN_ABOUT_RETURN_TYPE = YES_ERROR;
				GCC_WARN_UNDECLARED_SELECTOR = YES;
				GCC_WARN_UNINITIALIZED_AUTOS = YES_AGGRESSIVE;
				GCC_WARN_UNUSED_FUNCTION = YES;
				GCC_WARN_UNUSED_VARIABLE = YES;
				IPHONEOS_DEPLOYMENT_TARGET = 8.2;
				MTL_ENABLE_DEBUG_INFO = NO;
				SDKROOT = iphoneos;
				TARGETED_DEVICE_FAMILY = "1,2";
				VALIDATE_PRODUCT = YES;
			};
			name = Release;
		};
		DB32C7121AC6ABBE0005CAB4 /* Debug */ = {
			isa = XCBuildConfiguration;
			baseConfigurationReference = 542171A4D1599AE57A8BBD24 /* Pods.debug.xcconfig */;
			buildSettings = {
				ASSETCATALOG_COMPILER_APPICON_NAME = AppIcon;
				INFOPLIST_FILE = onebutn/Info.plist;
				LD_RUNPATH_SEARCH_PATHS = "$(inherited) @executable_path/Frameworks";
				PRODUCT_NAME = "$(TARGET_NAME)";
			};
			name = Debug;
		};
		DB32C7131AC6ABBE0005CAB4 /* Release */ = {
			isa = XCBuildConfiguration;
			baseConfigurationReference = FCBB567E621757875A6CAD2B /* Pods.release.xcconfig */;
			buildSettings = {
				ASSETCATALOG_COMPILER_APPICON_NAME = AppIcon;
				INFOPLIST_FILE = onebutn/Info.plist;
				LD_RUNPATH_SEARCH_PATHS = "$(inherited) @executable_path/Frameworks";
				PRODUCT_NAME = "$(TARGET_NAME)";
			};
			name = Release;
		};
		DB32C7151AC6ABBE0005CAB4 /* Debug */ = {
			isa = XCBuildConfiguration;
			buildSettings = {
				BUNDLE_LOADER = "$(TEST_HOST)";
				FRAMEWORK_SEARCH_PATHS = (
					"$(SDKROOT)/Developer/Library/Frameworks",
					"$(inherited)",
				);
				GCC_PREPROCESSOR_DEFINITIONS = (
					"DEBUG=1",
					"$(inherited)",
				);
				INFOPLIST_FILE = onebutnTests/Info.plist;
				LD_RUNPATH_SEARCH_PATHS = "$(inherited) @executable_path/Frameworks @loader_path/Frameworks";
				PRODUCT_NAME = "$(TARGET_NAME)";
				TEST_HOST = "$(BUILT_PRODUCTS_DIR)/onebutn.app/onebutn";
			};
			name = Debug;
		};
		DB32C7161AC6ABBE0005CAB4 /* Release */ = {
			isa = XCBuildConfiguration;
			buildSettings = {
				BUNDLE_LOADER = "$(TEST_HOST)";
				FRAMEWORK_SEARCH_PATHS = (
					"$(SDKROOT)/Developer/Library/Frameworks",
					"$(inherited)",
				);
				INFOPLIST_FILE = onebutnTests/Info.plist;
				LD_RUNPATH_SEARCH_PATHS = "$(inherited) @executable_path/Frameworks @loader_path/Frameworks";
				PRODUCT_NAME = "$(TARGET_NAME)";
				TEST_HOST = "$(BUILT_PRODUCTS_DIR)/onebutn.app/onebutn";
			};
			name = Release;
		};
/* End XCBuildConfiguration section */

/* Begin XCConfigurationList section */
		DB32C6ED1AC6ABBD0005CAB4 /* Build configuration list for PBXProject "onebutn" */ = {
			isa = XCConfigurationList;
			buildConfigurations = (
				DB32C70F1AC6ABBE0005CAB4 /* Debug */,
				DB32C7101AC6ABBE0005CAB4 /* Release */,
			);
			defaultConfigurationIsVisible = 0;
			defaultConfigurationName = Release;
		};
		DB32C7111AC6ABBE0005CAB4 /* Build configuration list for PBXNativeTarget "onebutn" */ = {
			isa = XCConfigurationList;
			buildConfigurations = (
				DB32C7121AC6ABBE0005CAB4 /* Debug */,
				DB32C7131AC6ABBE0005CAB4 /* Release */,
			);
			defaultConfigurationIsVisible = 0;
			defaultConfigurationName = Release;
		};
		DB32C7141AC6ABBE0005CAB4 /* Build configuration list for PBXNativeTarget "onebutnTests" */ = {
			isa = XCConfigurationList;
			buildConfigurations = (
				DB32C7151AC6ABBE0005CAB4 /* Debug */,
				DB32C7161AC6ABBE0005CAB4 /* Release */,
			);
			defaultConfigurationIsVisible = 0;
			defaultConfigurationName = Release;
		};
/* End XCConfigurationList section */
	};
	rootObject = DB32C6EA1AC6ABBD0005CAB4 /* Project object */;
}
