PODS:
  - Bolts (1.1.4)
  - Facebook-iOS-SDK (4.0):
    - Bolts (~> 1.0)
    - Facebook-iOS-SDK/CoreKit (= 4.0)
    - Facebook-iOS-SDK/LoginKit (= 4.0)
    - Facebook-iOS-SDK/ShareKit (= 4.0)
  - Facebook-iOS-SDK/CoreKit (4.0):
    - Bolts (~> 1.0)
    - Facebook-iOS-SDK/CoreKit/no-arc (= 4.0)
  - Facebook-iOS-SDK/CoreKit/no-arc (4.0):
    - Bolts (~> 1.0)
  - Facebook-iOS-SDK/LoginKit (4.0):
    - Bolts (~> 1.0)
    - Facebook-iOS-SDK/CoreKit
  - Facebook-iOS-SDK/ShareKit (4.0):
    - Bolts (~> 1.0)
    - Facebook-iOS-SDK/CoreKit
  - libextobjc (0.4.1):
    - libextobjc/EXTADT (= 0.4.1)
    - libextobjc/EXTConcreteProtocol (= 0.4.1)
    - libextobjc/EXTKeyPathCoding (= 0.4.1)
    - libextobjc/EXTNil (= 0.4.1)
    - libextobjc/EXTSafeCategory (= 0.4.1)
    - libextobjc/EXTScope (= 0.4.1)
    - libextobjc/EXTSelectorChecking (= 0.4.1)
    - libextobjc/EXTSynthesize (= 0.4.1)
    - libextobjc/NSInvocation+EXT (= 0.4.1)
    - libextobjc/NSMethodSignature+EXT (= 0.4.1)
    - libextobjc/RuntimeExtensions (= 0.4.1)
    - libextobjc/UmbrellaHeader (= 0.4.1)
  - libextobjc/EXTADT (0.4.1):
    - libextobjc/RuntimeExtensions
  - libextobjc/EXTConcreteProtocol (0.4.1):
    - libextobjc/RuntimeExtensions
  - libextobjc/EXTKeyPathCoding (0.4.1):
    - libextobjc/RuntimeExtensions
  - libextobjc/EXTNil (0.4.1):
    - libextobjc/RuntimeExtensions
  - libextobjc/EXTSafeCategory (0.4.1):
    - libextobjc/RuntimeExtensions
  - libextobjc/EXTScope (0.4.1):
    - libextobjc/RuntimeExtensions
  - libextobjc/EXTSelectorChecking (0.4.1):
    - libextobjc/RuntimeExtensions
  - libextobjc/EXTSynthesize (0.4.1):
    - libextobjc/RuntimeExtensions
  - libextobjc/NSInvocation+EXT (0.4.1):
    - libextobjc/RuntimeExtensions
  - libextobjc/NSMethodSignature+EXT (0.4.1):
    - libextobjc/RuntimeExtensions
  - libextobjc/RuntimeExtensions (0.4.1)
  - libextobjc/UmbrellaHeader (0.4.1)
  - Parse (1.7.0):
    - Bolts (~> 1.1)

DEPENDENCIES:
  - Facebook-iOS-SDK (= 4.0)
  - libextobjc
  - Parse (= 1.7.0)

SPEC CHECKSUMS:
  Bolts: dd9fb8433d67f5acc3b6b4d1379bbc5513d716c1
  Facebook-iOS-SDK: 523ee69fdd3c37cdca6578c79912f47943035806
  libextobjc: d6146fce3ebea986b7f75fcb4c967639200b88b0
  Parse: 3c2d4e6ade7b59d31c0bc8106340c6b81b31bc0f

COCOAPODS: 0.36.0
